// !$*UTF8*$!
{
	archiveVersion = 1;
	classes = {
	};
	objectVersion = 55;
	objects = {

/* Begin PBXBuildFile section */
		6D8745F5289E10A400F525EA /* TurtleGraphicsRenderer.swift in Sources */ = {isa = PBXBuildFile; fileRef = 6D8745F4289E10A400F525EA /* TurtleGraphicsRenderer.swift */; };
		6D8745F7289E13D300F525EA /* CoreAnimationRenderer.swift in Sources */ = {isa = PBXBuildFile; fileRef = 6D8745F6289E13D300F525EA /* CoreAnimationRenderer.swift */; };
		6D8745FA289E240700F525EA /* SystemsListViewController.swift in Sources */ = {isa = PBXBuildFile; fileRef = 6D8745F9289E240700F525EA /* SystemsListViewController.swift */; };
		6D8745FC289E266500F525EA /* LSystems.swift in Sources */ = {isa = PBXBuildFile; fileRef = 6D8745FB289E266500F525EA /* LSystems.swift */; };
		6D8745FE289E465200F525EA /* CoreGraphicsRenderer.swift in Sources */ = {isa = PBXBuildFile; fileRef = 6D8745FD289E465200F525EA /* CoreGraphicsRenderer.swift */; };
		6DFFFB6F289D37B40060FF14 /* AppDelegate.swift in Sources */ = {isa = PBXBuildFile; fileRef = 6DFFFB6E289D37B40060FF14 /* AppDelegate.swift */; };
		6DFFFB71289D37B40060FF14 /* SceneDelegate.swift in Sources */ = {isa = PBXBuildFile; fileRef = 6DFFFB70289D37B40060FF14 /* SceneDelegate.swift */; };
		6DFFFB73289D37B40060FF14 /* LSystemViewController.swift in Sources */ = {isa = PBXBuildFile; fileRef = 6DFFFB72289D37B40060FF14 /* LSystemViewController.swift */; };
		6DFFFB78289D37B50060FF14 /* Assets.xcassets in Resources */ = {isa = PBXBuildFile; fileRef = 6DFFFB77289D37B50060FF14 /* Assets.xcassets */; };
		6DFFFB7B289D37B50060FF14 /* LaunchScreen.storyboard in Resources */ = {isa = PBXBuildFile; fileRef = 6DFFFB79289D37B50060FF14 /* LaunchScreen.storyboard */; };
		6DFFFB84289D37C60060FF14 /* LSystem.swift in Sources */ = {isa = PBXBuildFile; fileRef = 6DFFFB83289D37C60060FF14 /* LSystem.swift */; };
		6DFFFB86289D38630060FF14 /* Turtle.swift in Sources */ = {isa = PBXBuildFile; fileRef = 6DFFFB85289D38630060FF14 /* Turtle.swift */; };
/* End PBXBuildFile section */

/* Begin PBXFileReference section */
		6D8745F4289E10A400F525EA /* TurtleGraphicsRenderer.swift */ = {isa = PBXFileReference; lastKnownFileType = sourcecode.swift; path = TurtleGraphicsRenderer.swift; sourceTree = "<group>"; };
		6D8745F6289E13D300F525EA /* CoreAnimationRenderer.swift */ = {isa = PBXFileReference; lastKnownFileType = sourcecode.swift; path = CoreAnimationRenderer.swift; sourceTree = "<group>"; };
		6D8745F9289E240700F525EA /* SystemsListViewController.swift */ = {isa = PBXFileReference; lastKnownFileType = sourcecode.swift; path = SystemsListViewController.swift; sourceTree = "<group>"; };
		6D8745FB289E266500F525EA /* LSystems.swift */ = {isa = PBXFileReference; lastKnownFileType = sourcecode.swift; path = LSystems.swift; sourceTree = "<group>"; };
		6D8745FD289E465200F525EA /* CoreGraphicsRenderer.swift */ = {isa = PBXFileReference; lastKnownFileType = sourcecode.swift; path = CoreGraphicsRenderer.swift; sourceTree = "<group>"; };
		6DFFFB6B289D37B40060FF14 /* L-systems.app */ = {isa = PBXFileReference; explicitFileType = wrapper.application; includeInIndex = 0; path = "L-systems.app"; sourceTree = BUILT_PRODUCTS_DIR; };
		6DFFFB6E289D37B40060FF14 /* AppDelegate.swift */ = {isa = PBXFileReference; lastKnownFileType = sourcecode.swift; path = AppDelegate.swift; sourceTree = "<group>"; };
		6DFFFB70289D37B40060FF14 /* SceneDelegate.swift */ = {isa = PBXFileReference; lastKnownFileType = sourcecode.swift; path = SceneDelegate.swift; sourceTree = "<group>"; };
		6DFFFB72289D37B40060FF14 /* LSystemViewController.swift */ = {isa = PBXFileReference; lastKnownFileType = sourcecode.swift; path = LSystemViewController.swift; sourceTree = "<group>"; };
		6DFFFB77289D37B50060FF14 /* Assets.xcassets */ = {isa = PBXFileReference; lastKnownFileType = folder.assetcatalog; path = Assets.xcassets; sourceTree = "<group>"; };
		6DFFFB7A289D37B50060FF14 /* Base */ = {isa = PBXFileReference; lastKnownFileType = file.storyboard; name = Base; path = Base.lproj/LaunchScreen.storyboard; sourceTree = "<group>"; };
		6DFFFB7C289D37B50060FF14 /* Info.plist */ = {isa = PBXFileReference; lastKnownFileType = text.plist.xml; path = Info.plist; sourceTree = "<group>"; };
		6DFFFB83289D37C60060FF14 /* LSystem.swift */ = {isa = PBXFileReference; lastKnownFileType = sourcecode.swift; path = LSystem.swift; sourceTree = "<group>"; };
		6DFFFB85289D38630060FF14 /* Turtle.swift */ = {isa = PBXFileReference; lastKnownFileType = sourcecode.swift; path = Turtle.swift; sourceTree = "<group>"; };
/* End PBXFileReference section */

/* Begin PBXFrameworksBuildPhase section */
		6DFFFB68289D37B40060FF14 /* Frameworks */ = {
			isa = PBXFrameworksBuildPhase;
			buildActionMask = 2147483647;
			files = (
			);
			runOnlyForDeploymentPostprocessing = 0;
		};
/* End PBXFrameworksBuildPhase section */

/* Begin PBXGroup section */
		6D8745F3289E0F2100F525EA /* Renderers */ = {
			isa = PBXGroup;
			children = (
				6D8745F4289E10A400F525EA /* TurtleGraphicsRenderer.swift */,
				6D8745F6289E13D300F525EA /* CoreAnimationRenderer.swift */,
				6D8745FD289E465200F525EA /* CoreGraphicsRenderer.swift */,
			);
			path = Renderers;
			sourceTree = "<group>";
		};
		6D8745F8289E23F900F525EA /* List */ = {
			isa = PBXGroup;
			children = (
				6D8745F9289E240700F525EA /* SystemsListViewController.swift */,
			);
			path = List;
			sourceTree = "<group>";
		};
		6DFFFB62289D37B40060FF14 = {
			isa = PBXGroup;
			children = (
				6DFFFB6D289D37B40060FF14 /* L-systems */,
				6DFFFB6C289D37B40060FF14 /* Products */,
			);
			sourceTree = "<group>";
		};
		6DFFFB6C289D37B40060FF14 /* Products */ = {
			isa = PBXGroup;
			children = (
				6DFFFB6B289D37B40060FF14 /* L-systems.app */,
			);
			name = Products;
			sourceTree = "<group>";
		};
		6DFFFB6D289D37B40060FF14 /* L-systems */ = {
			isa = PBXGroup;
			children = (
				6D8745F8289E23F900F525EA /* List */,
				6D8745F3289E0F2100F525EA /* Renderers */,
				6DFFFB82289D37BF0060FF14 /* Model */,
				6DFFFB6E289D37B40060FF14 /* AppDelegate.swift */,
				6DFFFB70289D37B40060FF14 /* SceneDelegate.swift */,
				6DFFFB72289D37B40060FF14 /* LSystemViewController.swift */,
				6DFFFB77289D37B50060FF14 /* Assets.xcassets */,
				6DFFFB79289D37B50060FF14 /* LaunchScreen.storyboard */,
				6DFFFB7C289D37B50060FF14 /* Info.plist */,
			);
			path = "L-systems";
			sourceTree = "<group>";
		};
		6DFFFB82289D37BF0060FF14 /* Model */ = {
			isa = PBXGroup;
			children = (
				6DFFFB83289D37C60060FF14 /* LSystem.swift */,
				6DFFFB85289D38630060FF14 /* Turtle.swift */,
				6D8745FB289E266500F525EA /* LSystems.swift */,
			);
			path = Model;
			sourceTree = "<group>";
		};
/* End PBXGroup section */

/* Begin PBXNativeTarget section */
		6DFFFB6A289D37B40060FF14 /* L-systems */ = {
			isa = PBXNativeTarget;
			buildConfigurationList = 6DFFFB7F289D37B50060FF14 /* Build configuration list for PBXNativeTarget "L-systems" */;
			buildPhases = (
				6DFFFB67289D37B40060FF14 /* Sources */,
				6DFFFB68289D37B40060FF14 /* Frameworks */,
				6DFFFB69289D37B40060FF14 /* Resources */,
			);
			buildRules = (
			);
			dependencies = (
			);
			name = "L-systems";
			productName = "L-systems";
			productReference = 6DFFFB6B289D37B40060FF14 /* L-systems.app */;
			productType = "com.apple.product-type.application";
		};
/* End PBXNativeTarget section */

/* Begin PBXProject section */
		6DFFFB63289D37B40060FF14 /* Project object */ = {
			isa = PBXProject;
			attributes = {
				BuildIndependentTargetsInParallel = 1;
				LastSwiftUpdateCheck = 1340;
				LastUpgradeCheck = 1340;
				TargetAttributes = {
					6DFFFB6A289D37B40060FF14 = {
						CreatedOnToolsVersion = 13.4.1;
					};
				};
			};
			buildConfigurationList = 6DFFFB66289D37B40060FF14 /* Build configuration list for PBXProject "L-systems" */;
			compatibilityVersion = "Xcode 13.0";
			developmentRegion = en;
			hasScannedForEncodings = 0;
			knownRegions = (
				en,
				Base,
			);
			mainGroup = 6DFFFB62289D37B40060FF14;
			productRefGroup = 6DFFFB6C289D37B40060FF14 /* Products */;
			projectDirPath = "";
			projectRoot = "";
			targets = (
				6DFFFB6A289D37B40060FF14 /* L-systems */,
			);
		};
/* End PBXProject section */

/* Begin PBXResourcesBuildPhase section */
		6DFFFB69289D37B40060FF14 /* Resources */ = {
			isa = PBXResourcesBuildPhase;
			buildActionMask = 2147483647;
			files = (
				6DFFFB7B289D37B50060FF14 /* LaunchScreen.storyboard in Resources */,
				6DFFFB78289D37B50060FF14 /* Assets.xcassets in Resources */,
			);
			runOnlyForDeploymentPostprocessing = 0;
		};
/* End PBXResourcesBuildPhase section */

/* Begin PBXSourcesBuildPhase section */
		6DFFFB67289D37B40060FF14 /* Sources */ = {
			isa = PBXSourcesBuildPhase;
			buildActionMask = 2147483647;
			files = (
				6DFFFB73289D37B40060FF14 /* LSystemViewController.swift in Sources */,
				6D8745F5289E10A400F525EA /* TurtleGraphicsRenderer.swift in Sources */,
				6D8745FE289E465200F525EA /* CoreGraphicsRenderer.swift in Sources */,
				6DFFFB86289D38630060FF14 /* Turtle.swift in Sources */,
				6DFFFB6F289D37B40060FF14 /* AppDelegate.swift in Sources */,
				6DFFFB71289D37B40060FF14 /* SceneDelegate.swift in Sources */,
				6D8745FA289E240700F525EA /* SystemsListViewController.swift in Sources */,
				6D8745F7289E13D300F525EA /* CoreAnimationRenderer.swift in Sources */,
				6D8745FC289E266500F525EA /* LSystems.swift in Sources */,
				6DFFFB84289D37C60060FF14 /* LSystem.swift in Sources */,
			);
			runOnlyForDeploymentPostprocessing = 0;
		};
/* End PBXSourcesBuildPhase section */

/* Begin PBXVariantGroup section */
		6DFFFB79289D37B50060FF14 /* LaunchScreen.storyboard */ = {
			isa = PBXVariantGroup;
			children = (
				6DFFFB7A289D37B50060FF14 /* Base */,
			);
			name = LaunchScreen.storyboard;
			sourceTree = "<group>";
		};
/* End PBXVariantGroup section */

/* Begin XCBuildConfiguration section */
		6DFFFB7D289D37B50060FF14 /* Debug */ = {
			isa = XCBuildConfiguration;
			buildSettings = {
				ALWAYS_SEARCH_USER_PATHS = NO;
				CLANG_ANALYZER_NONNULL = YES;
				CLANG_ANALYZER_NUMBER_OBJECT_CONVERSION = YES_AGGRESSIVE;
				CLANG_CXX_LANGUAGE_STANDARD = "gnu++17";
				CLANG_ENABLE_MODULES = YES;
				CLANG_ENABLE_OBJC_ARC = YES;
				CLANG_ENABLE_OBJC_WEAK = YES;
				CLANG_WARN_BLOCK_CAPTURE_AUTORELEASING = YES;
				CLANG_WARN_BOOL_CONVERSION = YES;
				CLANG_WARN_COMMA = YES;
				CLANG_WARN_CONSTANT_CONVERSION = YES;
				CLANG_WARN_DEPRECATED_OBJC_IMPLEMENTATIONS = YES;
				CLANG_WARN_DIRECT_OBJC_ISA_USAGE = YES_ERROR;
				CLANG_WARN_DOCUMENTATION_COMMENTS = YES;
				CLANG_WARN_EMPTY_BODY = YES;
				CLANG_WARN_ENUM_CONVERSION = YES;
				CLANG_WARN_INFINITE_RECURSION = YES;
				CLANG_WARN_INT_CONVERSION = YES;
				CLANG_WARN_NON_LITERAL_NULL_CONVERSION = YES;
				CLANG_WARN_OBJC_IMPLICIT_RETAIN_SELF = YES;
				CLANG_WARN_OBJC_LITERAL_CONVERSION = YES;
				CLANG_WARN_OBJC_ROOT_CLASS = YES_ERROR;
				CLANG_WARN_QUOTED_INCLUDE_IN_FRAMEWORK_HEADER = YES;
				CLANG_WARN_RANGE_LOOP_ANALYSIS = YES;
				CLANG_WARN_STRICT_PROTOTYPES = YES;
				CLANG_WARN_SUSPICIOUS_MOVE = YES;
				CLANG_WARN_UNGUARDED_AVAILABILITY = YES_AGGRESSIVE;
				CLANG_WARN_UNREACHABLE_CODE = YES;
				CLANG_WARN__DUPLICATE_METHOD_MATCH = YES;
				COPY_PHASE_STRIP = NO;
				DEBUG_INFORMATION_FORMAT = dwarf;
				ENABLE_STRICT_OBJC_MSGSEND = YES;
				ENABLE_TESTABILITY = YES;
				GCC_C_LANGUAGE_STANDARD = gnu11;
				GCC_DYNAMIC_NO_PIC = NO;
				GCC_NO_COMMON_BLOCKS = YES;
				GCC_OPTIMIZATION_LEVEL = 0;
				GCC_PREPROCESSOR_DEFINITIONS = (
					"DEBUG=1",
					"$(inherited)",
				);
				GCC_WARN_64_TO_32_BIT_CONVERSION = YES;
				GCC_WARN_ABOUT_RETURN_TYPE = YES_ERROR;
				GCC_WARN_UNDECLARED_SELECTOR = YES;
				GCC_WARN_UNINITIALIZED_AUTOS = YES_AGGRESSIVE;
				GCC_WARN_UNUSED_FUNCTION = YES;
				GCC_WARN_UNUSED_VARIABLE = YES;
				IPHONEOS_DEPLOYMENT_TARGET = 15.5;
				MTL_ENABLE_DEBUG_INFO = INCLUDE_SOURCE;
				MTL_FAST_MATH = YES;
				ONLY_ACTIVE_ARCH = YES;
				SDKROOT = iphoneos;
				SWIFT_ACTIVE_COMPILATION_CONDITIONS = DEBUG;
				SWIFT_OPTIMIZATION_LEVEL = "-Onone";
			};
			name = Debug;
		};
		6DFFFB7E289D37B50060FF14 /* Release */ = {
			isa = XCBuildConfiguration;
			buildSettings = {
				ALWAYS_SEARCH_USER_PATHS = NO;
				CLANG_ANALYZER_NONNULL = YES;
				CLANG_ANALYZER_NUMBER_OBJECT_CONVERSION = YES_AGGRESSIVE;
				CLANG_CXX_LANGUAGE_STANDARD = "gnu++17";
				CLANG_ENABLE_MODULES = YES;
				CLANG_ENABLE_OBJC_ARC = YES;
				CLANG_ENABLE_OBJC_WEAK = YES;
				CLANG_WARN_BLOCK_CAPTURE_AUTORELEASING = YES;
				CLANG_WARN_BOOL_CONVERSION = YES;
				CLANG_WARN_COMMA = YES;
				CLANG_WARN_CONSTANT_CONVERSION = YES;
				CLANG_WARN_DEPRECATED_OBJC_IMPLEMENTATIONS = YES;
				CLANG_WARN_DIRECT_OBJC_ISA_USAGE = YES_ERROR;
				CLANG_WARN_DOCUMENTATION_COMMENTS = YES;
				CLANG_WARN_EMPTY_BODY = YES;
				CLANG_WARN_ENUM_CONVERSION = YES;
				CLANG_WARN_INFINITE_RECURSION = YES;
				CLANG_WARN_INT_CONVERSION = YES;
				CLANG_WARN_NON_LITERAL_NULL_CONVERSION = YES;
				CLANG_WARN_OBJC_IMPLICIT_RETAIN_SELF = YES;
				CLANG_WARN_OBJC_LITERAL_CONVERSION = YES;
				CLANG_WARN_OBJC_ROOT_CLASS = YES_ERROR;
				CLANG_WARN_QUOTED_INCLUDE_IN_FRAMEWORK_HEADER = YES;
				CLANG_WARN_RANGE_LOOP_ANALYSIS = YES;
				CLANG_WARN_STRICT_PROTOTYPES = YES;
				CLANG_WARN_SUSPICIOUS_MOVE = YES;
				CLANG_WARN_UNGUARDED_AVAILABILITY = YES_AGGRESSIVE;
				CLANG_WARN_UNREACHABLE_CODE = YES;
				CLANG_WARN__DUPLICATE_METHOD_MATCH = YES;
				COPY_PHASE_STRIP = NO;
				DEBUG_INFORMATION_FORMAT = "dwarf-with-dsym";
				ENABLE_NS_ASSERTIONS = NO;
				ENABLE_STRICT_OBJC_MSGSEND = YES;
				GCC_C_LANGUAGE_STANDARD = gnu11;
				GCC_NO_COMMON_BLOCKS = YES;
				GCC_WARN_64_TO_32_BIT_CONVERSION = YES;
				GCC_WARN_ABOUT_RETURN_TYPE = YES_ERROR;
				GCC_WARN_UNDECLARED_SELECTOR = YES;
				GCC_WARN_UNINITIALIZED_AUTOS = YES_AGGRESSIVE;
				GCC_WARN_UNUSED_FUNCTION = YES;
				GCC_WARN_UNUSED_VARIABLE = YES;
				IPHONEOS_DEPLOYMENT_TARGET = 15.5;
				MTL_ENABLE_DEBUG_INFO = NO;
				MTL_FAST_MATH = YES;
				SDKROOT = iphoneos;
				SWIFT_COMPILATION_MODE = wholemodule;
				SWIFT_OPTIMIZATION_LEVEL = "-O";
				VALIDATE_PRODUCT = YES;
			};
			name = Release;
		};
		6DFFFB80289D37B50060FF14 /* Debug */ = {
			isa = XCBuildConfiguration;
			buildSettings = {
				ASSETCATALOG_COMPILER_APPICON_NAME = AppIcon;
				ASSETCATALOG_COMPILER_GLOBAL_ACCENT_COLOR_NAME = AccentColor;
				CODE_SIGN_STYLE = Automatic;
				CURRENT_PROJECT_VERSION = 1;
				DEVELOPMENT_TEAM = SNLH793PXA;
				GENERATE_INFOPLIST_FILE = YES;
				INFOPLIST_FILE = "L-systems/Info.plist";
				INFOPLIST_KEY_UIApplicationSupportsIndirectInputEvents = YES;
				INFOPLIST_KEY_UILaunchStoryboardName = LaunchScreen;
				INFOPLIST_KEY_UISupportedInterfaceOrientations_iPad = "UIInterfaceOrientationPortrait UIInterfaceOrientationPortraitUpsideDown UIInterfaceOrientationLandscapeLeft UIInterfaceOrientationLandscapeRight";
				INFOPLIST_KEY_UISupportedInterfaceOrientations_iPhone = "UIInterfaceOrientationPortrait UIInterfaceOrientationLandscapeLeft UIInterfaceOrientationLandscapeRight";
				IPHONEOS_DEPLOYMENT_TARGET = 13.0;
				LD_RUNPATH_SEARCH_PATHS = (
					"$(inherited)",
					"@executable_path/Frameworks",
				);
				MARKETING_VERSION = 1.0;
				PRODUCT_BUNDLE_IDENTIFIER = "com.rychkov.L-systems";
				PRODUCT_NAME = "$(TARGET_NAME)";
				SWIFT_EMIT_LOC_STRINGS = YES;
				SWIFT_VERSION = 5.0;
				TARGETED_DEVICE_FAMILY = "1,2";
			};
			name = Debug;
		};
		6DFFFB81289D37B50060FF14 /* Release */ = {
			isa = XCBuildConfiguration;
			buildSettings = {
				ASSETCATALOG_COMPILER_APPICON_NAME = AppIcon;
				ASSETCATALOG_COMPILER_GLOBAL_ACCENT_COLOR_NAME = AccentColor;
				CODE_SIGN_STYLE = Automatic;
				CURRENT_PROJECT_VERSION = 1;
				DEVELOPMENT_TEAM = SNLH793PXA;
				GENERATE_INFOPLIST_FILE = YES;
				INFOPLIST_FILE = "L-systems/Info.plist";
				INFOPLIST_KEY_UIApplicationSupportsIndirectInputEvents = YES;
				INFOPLIST_KEY_UILaunchStoryboardName = LaunchScreen;
				INFOPLIST_KEY_UISupportedInterfaceOrientations_iPad = "UIInterfaceOrientationPortrait UIInterfaceOrientationPortraitUpsideDown UIInterfaceOrientationLandscapeLeft UIInterfaceOrientationLandscapeRight";
				INFOPLIST_KEY_UISupportedInterfaceOrientations_iPhone = "UIInterfaceOrientationPortrait UIInterfaceOrientationLandscapeLeft UIInterfaceOrientationLandscapeRight";
				IPHONEOS_DEPLOYMENT_TARGET = 13.0;
				LD_RUNPATH_SEARCH_PATHS = (
					"$(inherited)",
					"@executable_path/Frameworks",
				);
				MARKETING_VERSION = 1.0;
				PRODUCT_BUNDLE_IDENTIFIER = "com.rychkov.L-systems";
				PRODUCT_NAME = "$(TARGET_NAME)";
				SWIFT_EMIT_LOC_STRINGS = YES;
				SWIFT_VERSION = 5.0;
				TARGETED_DEVICE_FAMILY = "1,2";
			};
			name = Release;
		};
/* End XCBuildConfiguration section */

/* Begin XCConfigurationList section */
		6DFFFB66289D37B40060FF14 /* Build configuration list for PBXProject "L-systems" */ = {
			isa = XCConfigurationList;
			buildConfigurations = (
				6DFFFB7D289D37B50060FF14 /* Debug */,
				6DFFFB7E289D37B50060FF14 /* Release */,
			);
			defaultConfigurationIsVisible = 0;
			defaultConfigurationName = Release;
		};
		6DFFFB7F289D37B50060FF14 /* Build configuration list for PBXNativeTarget "L-systems" */ = {
			isa = XCConfigurationList;
			buildConfigurations = (
				6DFFFB80289D37B50060FF14 /* Debug */,
				6DFFFB81289D37B50060FF14 /* Release */,
			);
			defaultConfigurationIsVisible = 0;
			defaultConfigurationName = Release;
		};
/* End XCConfigurationList section */
	};
	rootObject = 6DFFFB63289D37B40060FF14 /* Project object */;
}
